
Microsoft Visual Studio Solution File, Format Version 12.00
# Visual Studio 15
Project("{FAE04EC0-301F-11D3-BF4B-00C04F79EFBC}") = "MVCUnitTestingDemo", "MVCUnitTestingDemo\MVCUnitTestingDemo.csproj", "{2D596A8F-251E-4021-A8D6-B1BEE697217C}"
EndProject
Project("{FAE04EC0-301F-11D3-BF4B-00C04F79EFBC}") = "MVCUnitTestingDemo.Tests", "MVCUnitTestingDemo.Tests\MVCUnitTestingDemo.Tests.csproj", "{70AC1593-9C15-4B2D-AD80-FC2FEA6E68E3}"
EndProject
Global
	GlobalSection(SolutionConfigurationPlatforms) = preSolution
		Debug|Any CPU = Debug|Any CPU
		Release|Any CPU = Release|Any CPU
	EndGlobalSection
	GlobalSection(ProjectConfigurationPlatforms) = postSolution
		{2D596A8F-251E-4021-A8D6-B1BEE697217C}.Debug|Any CPU.ActiveCfg = Debug|Any CPU
		{2D596A8F-251E-4021-A8D6-B1BEE697217C}.Debug|Any CPU.Build.0 = Debug|Any CPU
		{2D596A8F-251E-4021-A8D6-B1BEE697217C}.Release|Any CPU.ActiveCfg = Release|Any CPU
		{2D596A8F-251E-4021-A8D6-B1BEE697217C}.Release|Any CPU.Build.0 = Release|Any CPU
		{70AC1593-9C15-4B2D-AD80-FC2FEA6E68E3}.Debug|Any CPU.ActiveCfg = Debug|Any CPU
		{70AC1593-9C15-4B2D-AD80-FC2FEA6E68E3}.Debug|Any CPU.Build.0 = Debug|Any CPU
		{70AC1593-9C15-4B2D-AD80-FC2FEA6E68E3}.Release|Any CPU.ActiveCfg = Release|Any CPU
		{70AC1593-9C15-4B2D-AD80-FC2FEA6E68E3}.Release|Any CPU.Build.0 = Release|Any CPU
	EndGlobalSection
EndGlobal
